
Microsoft Visual Studio Solution File, Format Version 12.00
# Visual Studio Version 17
VisualStudioVersion = 17.8.34322.80
MinimumVisualStudioVersion = 10.0.40219.1
Project("{9A19103F-16F7-4668-BE54-9A1E7A4F7556}") = "Day1A", "Day1A\Day1A.csproj", "{05F3A58C-D40E-4B39-B9B9-F27D8D089597}"
EndProject
Project("{FAE04EC0-301F-11D3-BF4B-00C04F79EFBC}") = "Day1B", "Day1B\Day1B.csproj", "{77C8689F-3D13-42EB-A578-FD0B13A84163}"
EndProject
Global
	GlobalSection(SolutionConfigurationPlatforms) = preSolution
		Debug|Any CPU = Debug|Any CPU
		Release|Any CPU = Release|Any CPU
	EndGlobalSection
	GlobalSection(ProjectConfigurationPlatforms) = postSolution
		{05F3A58C-D40E-4B39-B9B9-F27D8D089597}.Debug|Any CPU.ActiveCfg = Debug|Any CPU
		{05F3A58C-D40E-4B39-B9B9-F27D8D089597}.Debug|Any CPU.Build.0 = Debug|Any CPU
		{05F3A58C-D40E-4B39-B9B9-F27D8D089597}.Release|Any CPU.ActiveCfg = Release|Any CPU
		{05F3A58C-D40E-4B39-B9B9-F27D8D089597}.Release|Any CPU.Build.0 = Release|Any CPU
		{77C8689F-3D13-42EB-A578-FD0B13A84163}.Debug|Any CPU.ActiveCfg = Debug|Any CPU
		{77C8689F-3D13-42EB-A578-FD0B13A84163}.Debug|Any CPU.Build.0 = Debug|Any CPU
		{77C8689F-3D13-42EB-A578-FD0B13A84163}.Release|Any CPU.ActiveCfg = Release|Any CPU
		{77C8689F-3D13-42EB-A578-FD0B13A84163}.Release|Any CPU.Build.0 = Release|Any CPU
	EndGlobalSection
	GlobalSection(SolutionProperties) = preSolution
		HideSolutionNode = FALSE
	EndGlobalSection
	GlobalSection(ExtensibilityGlobals) = postSolution
		SolutionGuid = {4E1F2A99-398D-4AD7-935D-60F1363690F1}
	EndGlobalSection
EndGlobal
