
Microsoft Visual Studio Solution File, Format Version 12.00
# Visual Studio Version 17
VisualStudioVersion = 17.8.34322.80
MinimumVisualStudioVersion = 10.0.40219.1
Project("{9A19103F-16F7-4668-BE54-9A1E7A4F7556}") = "Day1A", "Day1A\Day1A.csproj", "{05F3A58C-D40E-4B39-B9B9-F27D8D089597}"
EndProject
Project("{9A19103F-16F7-4668-BE54-9A1E7A4F7556}") = "Day1B", "Day1B\Day1B.csproj", "{77C8689F-3D13-42EB-A578-FD0B13A84163}"
EndProject
Project("{9A19103F-16F7-4668-BE54-9A1E7A4F7556}") = "Day2A", "Day2A\Day2A.csproj", "{C65DB42C-EA73-4CC1-8C53-80C5DADF94F2}"
EndProject
Project("{9A19103F-16F7-4668-BE54-9A1E7A4F7556}") = "Day2B", "Day2B\Day2B.csproj", "{0FDD4215-E168-4E21-9B39-8FA446847EA2}"
EndProject
Project("{9A19103F-16F7-4668-BE54-9A1E7A4F7556}") = "Day3A", "Day3A\Day3A.csproj", "{D60B7D78-47AB-4FF0-9BBE-9C1A636EEDA3}"
EndProject
Project("{9A19103F-16F7-4668-BE54-9A1E7A4F7556}") = "Day3B", "Day3B\Day3B.csproj", "{6F836A51-F543-415E-816D-1F077EA51971}"
EndProject
Project("{9A19103F-16F7-4668-BE54-9A1E7A4F7556}") = "Day4A", "Day4A\Day4A.csproj", "{5C0537F6-B400-4D6F-8561-D8A6510A2339}"
EndProject
Project("{9A19103F-16F7-4668-BE54-9A1E7A4F7556}") = "Day4B", "Day4B\Day4B.csproj", "{7E937B0B-79EC-4CD5-B0C5-DE0981C6C938}"
EndProject
Project("{9A19103F-16F7-4668-BE54-9A1E7A4F7556}") = "Day5A", "Day5A\Day5A.csproj", "{2680D569-244F-4166-B93A-F5B9D279AD22}"
EndProject
Project("{9A19103F-16F7-4668-BE54-9A1E7A4F7556}") = "Day5B", "Day5B\Day5B.csproj", "{3FC59F5A-39E4-466F-86A0-E96F5819DA3F}"
EndProject
Project("{9A19103F-16F7-4668-BE54-9A1E7A4F7556}") = "Day6A", "Day6A\Day6A.csproj", "{20DEAE19-DE89-48AF-8587-BAA221FA6A00}"
EndProject
Project("{9A19103F-16F7-4668-BE54-9A1E7A4F7556}") = "Day6B", "Day6B\Day6B.csproj", "{8B20FF21-469D-46C8-9F52-88B1E4C5ED1E}"
EndProject
Project("{9A19103F-16F7-4668-BE54-9A1E7A4F7556}") = "Day7A", "Day7A\Day7A.csproj", "{EB79B3C8-0A90-48D3-AA02-CBE4E10FF5CF}"
EndProject
Project("{9A19103F-16F7-4668-BE54-9A1E7A4F7556}") = "Day7B", "Day7B\Day7B.csproj", "{AD0E46D9-B7D8-4D8E-98BA-CA19C085F347}"
EndProject
Project("{9A19103F-16F7-4668-BE54-9A1E7A4F7556}") = "Day8A", "Day8A\Day8A.csproj", "{0CEE882B-2536-49AA-9FB7-4286F2A2C25B}"
EndProject
Project("{9A19103F-16F7-4668-BE54-9A1E7A4F7556}") = "Day8B", "Day8B\Day8B.csproj", "{BDCB26F6-FB92-4AFE-9C00-114A327B11FB}"
EndProject
Project("{FAE04EC0-301F-11D3-BF4B-00C04F79EFBC}") = "Day9A", "Day9A\Day9A.csproj", "{37B083FF-13D4-43DD-B00A-5F3CE0951B23}"
EndProject
Project("{FAE04EC0-301F-11D3-BF4B-00C04F79EFBC}") = "Day9B", "Day9B\Day9B.csproj", "{029607DB-EF13-4CA1-866B-5B733CE8AE7E}"
EndProject
Global
	GlobalSection(SolutionConfigurationPlatforms) = preSolution
		Debug|Any CPU = Debug|Any CPU
		Release|Any CPU = Release|Any CPU
	EndGlobalSection
	GlobalSection(ProjectConfigurationPlatforms) = postSolution
		{05F3A58C-D40E-4B39-B9B9-F27D8D089597}.Debug|Any CPU.ActiveCfg = Debug|Any CPU
		{05F3A58C-D40E-4B39-B9B9-F27D8D089597}.Debug|Any CPU.Build.0 = Debug|Any CPU
		{05F3A58C-D40E-4B39-B9B9-F27D8D089597}.Release|Any CPU.ActiveCfg = Release|Any CPU
		{05F3A58C-D40E-4B39-B9B9-F27D8D089597}.Release|Any CPU.Build.0 = Release|Any CPU
		{77C8689F-3D13-42EB-A578-FD0B13A84163}.Debug|Any CPU.ActiveCfg = Debug|Any CPU
		{77C8689F-3D13-42EB-A578-FD0B13A84163}.Debug|Any CPU.Build.0 = Debug|Any CPU
		{77C8689F-3D13-42EB-A578-FD0B13A84163}.Release|Any CPU.ActiveCfg = Release|Any CPU
		{77C8689F-3D13-42EB-A578-FD0B13A84163}.Release|Any CPU.Build.0 = Release|Any CPU
		{C65DB42C-EA73-4CC1-8C53-80C5DADF94F2}.Debug|Any CPU.ActiveCfg = Debug|Any CPU
		{C65DB42C-EA73-4CC1-8C53-80C5DADF94F2}.Debug|Any CPU.Build.0 = Debug|Any CPU
		{C65DB42C-EA73-4CC1-8C53-80C5DADF94F2}.Release|Any CPU.ActiveCfg = Release|Any CPU
		{C65DB42C-EA73-4CC1-8C53-80C5DADF94F2}.Release|Any CPU.Build.0 = Release|Any CPU
		{0FDD4215-E168-4E21-9B39-8FA446847EA2}.Debug|Any CPU.ActiveCfg = Debug|Any CPU
		{0FDD4215-E168-4E21-9B39-8FA446847EA2}.Debug|Any CPU.Build.0 = Debug|Any CPU
		{0FDD4215-E168-4E21-9B39-8FA446847EA2}.Release|Any CPU.ActiveCfg = Release|Any CPU
		{0FDD4215-E168-4E21-9B39-8FA446847EA2}.Release|Any CPU.Build.0 = Release|Any CPU
		{D60B7D78-47AB-4FF0-9BBE-9C1A636EEDA3}.Debug|Any CPU.ActiveCfg = Debug|Any CPU
		{D60B7D78-47AB-4FF0-9BBE-9C1A636EEDA3}.Debug|Any CPU.Build.0 = Debug|Any CPU
		{D60B7D78-47AB-4FF0-9BBE-9C1A636EEDA3}.Release|Any CPU.ActiveCfg = Release|Any CPU
		{D60B7D78-47AB-4FF0-9BBE-9C1A636EEDA3}.Release|Any CPU.Build.0 = Release|Any CPU
		{6F836A51-F543-415E-816D-1F077EA51971}.Debug|Any CPU.ActiveCfg = Debug|Any CPU
		{6F836A51-F543-415E-816D-1F077EA51971}.Debug|Any CPU.Build.0 = Debug|Any CPU
		{6F836A51-F543-415E-816D-1F077EA51971}.Release|Any CPU.ActiveCfg = Release|Any CPU
		{6F836A51-F543-415E-816D-1F077EA51971}.Release|Any CPU.Build.0 = Release|Any CPU
		{5C0537F6-B400-4D6F-8561-D8A6510A2339}.Debug|Any CPU.ActiveCfg = Debug|Any CPU
		{5C0537F6-B400-4D6F-8561-D8A6510A2339}.Debug|Any CPU.Build.0 = Debug|Any CPU
		{5C0537F6-B400-4D6F-8561-D8A6510A2339}.Release|Any CPU.ActiveCfg = Release|Any CPU
		{5C0537F6-B400-4D6F-8561-D8A6510A2339}.Release|Any CPU.Build.0 = Release|Any CPU
		{7E937B0B-79EC-4CD5-B0C5-DE0981C6C938}.Debug|Any CPU.ActiveCfg = Debug|Any CPU
		{7E937B0B-79EC-4CD5-B0C5-DE0981C6C938}.Debug|Any CPU.Build.0 = Debug|Any CPU
		{7E937B0B-79EC-4CD5-B0C5-DE0981C6C938}.Release|Any CPU.ActiveCfg = Release|Any CPU
		{7E937B0B-79EC-4CD5-B0C5-DE0981C6C938}.Release|Any CPU.Build.0 = Release|Any CPU
		{2680D569-244F-4166-B93A-F5B9D279AD22}.Debug|Any CPU.ActiveCfg = Debug|Any CPU
		{2680D569-244F-4166-B93A-F5B9D279AD22}.Debug|Any CPU.Build.0 = Debug|Any CPU
		{2680D569-244F-4166-B93A-F5B9D279AD22}.Release|Any CPU.ActiveCfg = Release|Any CPU
		{2680D569-244F-4166-B93A-F5B9D279AD22}.Release|Any CPU.Build.0 = Release|Any CPU
		{3FC59F5A-39E4-466F-86A0-E96F5819DA3F}.Debug|Any CPU.ActiveCfg = Debug|Any CPU
		{3FC59F5A-39E4-466F-86A0-E96F5819DA3F}.Debug|Any CPU.Build.0 = Debug|Any CPU
		{3FC59F5A-39E4-466F-86A0-E96F5819DA3F}.Release|Any CPU.ActiveCfg = Release|Any CPU
		{3FC59F5A-39E4-466F-86A0-E96F5819DA3F}.Release|Any CPU.Build.0 = Release|Any CPU
		{20DEAE19-DE89-48AF-8587-BAA221FA6A00}.Debug|Any CPU.ActiveCfg = Debug|Any CPU
		{20DEAE19-DE89-48AF-8587-BAA221FA6A00}.Debug|Any CPU.Build.0 = Debug|Any CPU
		{20DEAE19-DE89-48AF-8587-BAA221FA6A00}.Release|Any CPU.ActiveCfg = Release|Any CPU
		{20DEAE19-DE89-48AF-8587-BAA221FA6A00}.Release|Any CPU.Build.0 = Release|Any CPU
		{8B20FF21-469D-46C8-9F52-88B1E4C5ED1E}.Debug|Any CPU.ActiveCfg = Debug|Any CPU
		{8B20FF21-469D-46C8-9F52-88B1E4C5ED1E}.Debug|Any CPU.Build.0 = Debug|Any CPU
		{8B20FF21-469D-46C8-9F52-88B1E4C5ED1E}.Release|Any CPU.ActiveCfg = Release|Any CPU
		{8B20FF21-469D-46C8-9F52-88B1E4C5ED1E}.Release|Any CPU.Build.0 = Release|Any CPU
		{EB79B3C8-0A90-48D3-AA02-CBE4E10FF5CF}.Debug|Any CPU.ActiveCfg = Debug|Any CPU
		{EB79B3C8-0A90-48D3-AA02-CBE4E10FF5CF}.Debug|Any CPU.Build.0 = Debug|Any CPU
		{EB79B3C8-0A90-48D3-AA02-CBE4E10FF5CF}.Release|Any CPU.ActiveCfg = Release|Any CPU
		{EB79B3C8-0A90-48D3-AA02-CBE4E10FF5CF}.Release|Any CPU.Build.0 = Release|Any CPU
		{AD0E46D9-B7D8-4D8E-98BA-CA19C085F347}.Debug|Any CPU.ActiveCfg = Debug|Any CPU
		{AD0E46D9-B7D8-4D8E-98BA-CA19C085F347}.Debug|Any CPU.Build.0 = Debug|Any CPU
		{AD0E46D9-B7D8-4D8E-98BA-CA19C085F347}.Release|Any CPU.ActiveCfg = Release|Any CPU
		{AD0E46D9-B7D8-4D8E-98BA-CA19C085F347}.Release|Any CPU.Build.0 = Release|Any CPU
		{0CEE882B-2536-49AA-9FB7-4286F2A2C25B}.Debug|Any CPU.ActiveCfg = Debug|Any CPU
		{0CEE882B-2536-49AA-9FB7-4286F2A2C25B}.Debug|Any CPU.Build.0 = Debug|Any CPU
		{0CEE882B-2536-49AA-9FB7-4286F2A2C25B}.Release|Any CPU.ActiveCfg = Release|Any CPU
		{0CEE882B-2536-49AA-9FB7-4286F2A2C25B}.Release|Any CPU.Build.0 = Release|Any CPU
		{BDCB26F6-FB92-4AFE-9C00-114A327B11FB}.Debug|Any CPU.ActiveCfg = Debug|Any CPU
		{BDCB26F6-FB92-4AFE-9C00-114A327B11FB}.Debug|Any CPU.Build.0 = Debug|Any CPU
		{BDCB26F6-FB92-4AFE-9C00-114A327B11FB}.Release|Any CPU.ActiveCfg = Release|Any CPU
		{BDCB26F6-FB92-4AFE-9C00-114A327B11FB}.Release|Any CPU.Build.0 = Release|Any CPU
		{37B083FF-13D4-43DD-B00A-5F3CE0951B23}.Debug|Any CPU.ActiveCfg = Debug|Any CPU
		{37B083FF-13D4-43DD-B00A-5F3CE0951B23}.Debug|Any CPU.Build.0 = Debug|Any CPU
		{37B083FF-13D4-43DD-B00A-5F3CE0951B23}.Release|Any CPU.ActiveCfg = Release|Any CPU
		{37B083FF-13D4-43DD-B00A-5F3CE0951B23}.Release|Any CPU.Build.0 = Release|Any CPU
		{029607DB-EF13-4CA1-866B-5B733CE8AE7E}.Debug|Any CPU.ActiveCfg = Debug|Any CPU
		{029607DB-EF13-4CA1-866B-5B733CE8AE7E}.Debug|Any CPU.Build.0 = Debug|Any CPU
		{029607DB-EF13-4CA1-866B-5B733CE8AE7E}.Release|Any CPU.ActiveCfg = Release|Any CPU
		{029607DB-EF13-4CA1-866B-5B733CE8AE7E}.Release|Any CPU.Build.0 = Release|Any CPU
	EndGlobalSection
	GlobalSection(SolutionProperties) = preSolution
		HideSolutionNode = FALSE
	EndGlobalSection
	GlobalSection(ExtensibilityGlobals) = postSolution
		SolutionGuid = {4E1F2A99-398D-4AD7-935D-60F1363690F1}
	EndGlobalSection
EndGlobal
